// !$*UTF8*$!
{
	archiveVersion = 1;
	classes = {
	};
	objectVersion = 50;
	objects = {

/* Begin PBXBuildFile section */
		7DCD9C9C256070AA003CC59C /* AppDelegate.swift in Sources */ = {isa = PBXBuildFile; fileRef = 7DCD9C9B256070AA003CC59C /* AppDelegate.swift */; };
		7DCD9C9E256070AA003CC59C /* SceneDelegate.swift in Sources */ = {isa = PBXBuildFile; fileRef = 7DCD9C9D256070AA003CC59C /* SceneDelegate.swift */; };
		7DCD9CA0256070AA003CC59C /* ViewController.swift in Sources */ = {isa = PBXBuildFile; fileRef = 7DCD9C9F256070AA003CC59C /* ViewController.swift */; };
		7DCD9CA3256070AA003CC59C /* Main.storyboard in Resources */ = {isa = PBXBuildFile; fileRef = 7DCD9CA1256070AA003CC59C /* Main.storyboard */; };
		7DCD9CA5256070AD003CC59C /* Assets.xcassets in Resources */ = {isa = PBXBuildFile; fileRef = 7DCD9CA4256070AD003CC59C /* Assets.xcassets */; };
		7DCD9CA8256070AD003CC59C /* LaunchScreen.storyboard in Resources */ = {isa = PBXBuildFile; fileRef = 7DCD9CA6256070AD003CC59C /* LaunchScreen.storyboard */; };
		7DCD9CB3256070AE003CC59C /* gitTestTests.swift in Sources */ = {isa = PBXBuildFile; fileRef = 7DCD9CB2256070AE003CC59C /* gitTestTests.swift */; };
		7DCD9CBE256070AE003CC59C /* gitTestUITests.swift in Sources */ = {isa = PBXBuildFile; fileRef = 7DCD9CBD256070AE003CC59C /* gitTestUITests.swift */; };
/* End PBXBuildFile section */

/* Begin PBXContainerItemProxy section */
		7DCD9CAF256070AE003CC59C /* PBXContainerItemProxy */ = {
			isa = PBXContainerItemProxy;
			containerPortal = 7DCD9C90256070A9003CC59C /* Project object */;
			proxyType = 1;
			remoteGlobalIDString = 7DCD9C97256070AA003CC59C;
			remoteInfo = gitTest;
		};
		7DCD9CBA256070AE003CC59C /* PBXContainerItemProxy */ = {
			isa = PBXContainerItemProxy;
			containerPortal = 7DCD9C90256070A9003CC59C /* Project object */;
			proxyType = 1;
			remoteGlobalIDString = 7DCD9C97256070AA003CC59C;
			remoteInfo = gitTest;
		};
/* End PBXContainerItemProxy section */

/* Begin PBXFileReference section */
		7DCD9C98256070AA003CC59C /* gitTest.app */ = {isa = PBXFileReference; explicitFileType = wrapper.application; includeInIndex = 0; path = gitTest.app; sourceTree = BUILT_PRODUCTS_DIR; };
		7DCD9C9B256070AA003CC59C /* AppDelegate.swift */ = {isa = PBXFileReference; lastKnownFileType = sourcecode.swift; path = AppDelegate.swift; sourceTree = "<group>"; };
		7DCD9C9D256070AA003CC59C /* SceneDelegate.swift */ = {isa = PBXFileReference; lastKnownFileType = sourcecode.swift; path = SceneDelegate.swift; sourceTree = "<group>"; };
		7DCD9C9F256070AA003CC59C /* ViewController.swift */ = {isa = PBXFileReference; lastKnownFileType = sourcecode.swift; path = ViewController.swift; sourceTree = "<group>"; };
		7DCD9CA2256070AA003CC59C /* Base */ = {isa = PBXFileReference; lastKnownFileType = file.storyboard; name = Base; path = Base.lproj/Main.storyboard; sourceTree = "<group>"; };
		7DCD9CA4256070AD003CC59C /* Assets.xcassets */ = {isa = PBXFileReference; lastKnownFileType = folder.assetcatalog; path = Assets.xcassets; sourceTree = "<group>"; };
		7DCD9CA7256070AD003CC59C /* Base */ = {isa = PBXFileReference; lastKnownFileType = file.storyboard; name = Base; path = Base.lproj/LaunchScreen.storyboard; sourceTree = "<group>"; };
		7DCD9CA9256070AD003CC59C /* Info.plist */ = {isa = PBXFileReference; lastKnownFileType = text.plist.xml; path = Info.plist; sourceTree = "<group>"; };
		7DCD9CAE256070AE003CC59C /* gitTestTests.xctest */ = {isa = PBXFileReference; explicitFileType = wrapper.cfbundle; includeInIndex = 0; path = gitTestTests.xctest; sourceTree = BUILT_PRODUCTS_DIR; };
		7DCD9CB2256070AE003CC59C /* gitTestTests.swift */ = {isa = PBXFileReference; lastKnownFileType = sourcecode.swift; path = gitTestTests.swift; sourceTree = "<group>"; };
		7DCD9CB4256070AE003CC59C /* Info.plist */ = {isa = PBXFileReference; lastKnownFileType = text.plist.xml; path = Info.plist; sourceTree = "<group>"; };
		7DCD9CB9256070AE003CC59C /* gitTestUITests.xctest */ = {isa = PBXFileReference; explicitFileType = wrapper.cfbundle; includeInIndex = 0; path = gitTestUITests.xctest; sourceTree = BUILT_PRODUCTS_DIR; };
		7DCD9CBD256070AE003CC59C /* gitTestUITests.swift */ = {isa = PBXFileReference; lastKnownFileType = sourcecode.swift; path = gitTestUITests.swift; sourceTree = "<group>"; };
		7DCD9CBF256070AE003CC59C /* Info.plist */ = {isa = PBXFileReference; lastKnownFileType = text.plist.xml; path = Info.plist; sourceTree = "<group>"; };
/* End PBXFileReference section */

/* Begin PBXFrameworksBuildPhase section */
		7DCD9C95256070AA003CC59C /* Frameworks */ = {
			isa = PBXFrameworksBuildPhase;
			buildActionMask = 2147483647;
			files = (
			);
			runOnlyForDeploymentPostprocessing = 0;
		};
		7DCD9CAB256070AE003CC59C /* Frameworks */ = {
			isa = PBXFrameworksBuildPhase;
			buildActionMask = 2147483647;
			files = (
			);
			runOnlyForDeploymentPostprocessing = 0;
		};
		7DCD9CB6256070AE003CC59C /* Frameworks */ = {
			isa = PBXFrameworksBuildPhase;
			buildActionMask = 2147483647;
			files = (
			);
			runOnlyForDeploymentPostprocessing = 0;
		};
/* End PBXFrameworksBuildPhase section */

/* Begin PBXGroup section */
		7DCD9C8F256070A9003CC59C = {
			isa = PBXGroup;
			children = (
				7DCD9C9A256070AA003CC59C /* gitTest */,
				7DCD9CB1256070AE003CC59C /* gitTestTests */,
				7DCD9CBC256070AE003CC59C /* gitTestUITests */,
				7DCD9C99256070AA003CC59C /* Products */,
			);
			sourceTree = "<group>";
		};
		7DCD9C99256070AA003CC59C /* Products */ = {
			isa = PBXGroup;
			children = (
				7DCD9C98256070AA003CC59C /* gitTest.app */,
				7DCD9CAE256070AE003CC59C /* gitTestTests.xctest */,
				7DCD9CB9256070AE003CC59C /* gitTestUITests.xctest */,
			);
			name = Products;
			sourceTree = "<group>";
		};
		7DCD9C9A256070AA003CC59C /* gitTest */ = {
			isa = PBXGroup;
			children = (
				7DCD9C9B256070AA003CC59C /* AppDelegate.swift */,
				7DCD9C9D256070AA003CC59C /* SceneDelegate.swift */,
				7DCD9C9F256070AA003CC59C /* ViewController.swift */,
				7DCD9CA1256070AA003CC59C /* Main.storyboard */,
				7DCD9CA4256070AD003CC59C /* Assets.xcassets */,
				7DCD9CA6256070AD003CC59C /* LaunchScreen.storyboard */,
				7DCD9CA9256070AD003CC59C /* Info.plist */,
			);
			path = gitTest;
			sourceTree = "<group>";
		};
		7DCD9CB1256070AE003CC59C /* gitTestTests */ = {
			isa = PBXGroup;
			children = (
				7DCD9CB2256070AE003CC59C /* gitTestTests.swift */,
				7DCD9CB4256070AE003CC59C /* Info.plist */,
			);
			path = gitTestTests;
			sourceTree = "<group>";
		};
		7DCD9CBC256070AE003CC59C /* gitTestUITests */ = {
			isa = PBXGroup;
			children = (
				7DCD9CBD256070AE003CC59C /* gitTestUITests.swift */,
				7DCD9CBF256070AE003CC59C /* Info.plist */,
			);
			path = gitTestUITests;
			sourceTree = "<group>";
		};
/* End PBXGroup section */

/* Begin PBXNativeTarget section */
		7DCD9C97256070AA003CC59C /* gitTest */ = {
			isa = PBXNativeTarget;
			buildConfigurationList = 7DCD9CC2256070AE003CC59C /* Build configuration list for PBXNativeTarget "gitTest" */;
			buildPhases = (
				7DCD9C94256070AA003CC59C /* Sources */,
				7DCD9C95256070AA003CC59C /* Frameworks */,
				7DCD9C96256070AA003CC59C /* Resources */,
			);
			buildRules = (
			);
			dependencies = (
			);
			name = gitTest;
			productName = gitTest;
			productReference = 7DCD9C98256070AA003CC59C /* gitTest.app */;
			productType = "com.apple.product-type.application";
		};
		7DCD9CAD256070AE003CC59C /* gitTestTests */ = {
			isa = PBXNativeTarget;
			buildConfigurationList = 7DCD9CC5256070AE003CC59C /* Build configuration list for PBXNativeTarget "gitTestTests" */;
			buildPhases = (
				7DCD9CAA256070AE003CC59C /* Sources */,
				7DCD9CAB256070AE003CC59C /* Frameworks */,
				7DCD9CAC256070AE003CC59C /* Resources */,
			);
			buildRules = (
			);
			dependencies = (
				7DCD9CB0256070AE003CC59C /* PBXTargetDependency */,
			);
			name = gitTestTests;
			productName = gitTestTests;
			productReference = 7DCD9CAE256070AE003CC59C /* gitTestTests.xctest */;
			productType = "com.apple.product-type.bundle.unit-test";
		};
		7DCD9CB8256070AE003CC59C /* gitTestUITests */ = {
			isa = PBXNativeTarget;
			buildConfigurationList = 7DCD9CC8256070AE003CC59C /* Build configuration list for PBXNativeTarget "gitTestUITests" */;
			buildPhases = (
				7DCD9CB5256070AE003CC59C /* Sources */,
				7DCD9CB6256070AE003CC59C /* Frameworks */,
				7DCD9CB7256070AE003CC59C /* Resources */,
			);
			buildRules = (
			);
			dependencies = (
				7DCD9CBB256070AE003CC59C /* PBXTargetDependency */,
			);
			name = gitTestUITests;
			productName = gitTestUITests;
			productReference = 7DCD9CB9256070AE003CC59C /* gitTestUITests.xctest */;
			productType = "com.apple.product-type.bundle.ui-testing";
		};
/* End PBXNativeTarget section */

/* Begin PBXProject section */
		7DCD9C90256070A9003CC59C /* Project object */ = {
			isa = PBXProject;
			attributes = {
				LastSwiftUpdateCheck = 1210;
				LastUpgradeCheck = 1210;
				TargetAttributes = {
					7DCD9C97256070AA003CC59C = {
						CreatedOnToolsVersion = 12.1;
					};
					7DCD9CAD256070AE003CC59C = {
						CreatedOnToolsVersion = 12.1;
						TestTargetID = 7DCD9C97256070AA003CC59C;
					};
					7DCD9CB8256070AE003CC59C = {
						CreatedOnToolsVersion = 12.1;
						TestTargetID = 7DCD9C97256070AA003CC59C;
					};
				};
			};
			buildConfigurationList = 7DCD9C93256070A9003CC59C /* Build configuration list for PBXProject "gitTest" */;
			compatibilityVersion = "Xcode 9.3";
			developmentRegion = en;
			hasScannedForEncodings = 0;
			knownRegions = (
				en,
				Base,
			);
			mainGroup = 7DCD9C8F256070A9003CC59C;
			productRefGroup = 7DCD9C99256070AA003CC59C /* Products */;
			projectDirPath = "";
			projectRoot = "";
			targets = (
				7DCD9C97256070AA003CC59C /* gitTest */,
				7DCD9CAD256070AE003CC59C /* gitTestTests */,
				7DCD9CB8256070AE003CC59C /* gitTestUITests */,
			);
		};
/* End PBXProject section */

/* Begin PBXResourcesBuildPhase section */
		7DCD9C96256070AA003CC59C /* Resources */ = {
			isa = PBXResourcesBuildPhase;
			buildActionMask = 2147483647;
			files = (
				7DCD9CA8256070AD003CC59C /* LaunchScreen.storyboard in Resources */,
				7DCD9CA5256070AD003CC59C /* Assets.xcassets in Resources */,
				7DCD9CA3256070AA003CC59C /* Main.storyboard in Resources */,
			);
			runOnlyForDeploymentPostprocessing = 0;
		};
		7DCD9CAC256070AE003CC59C /* Resources */ = {
			isa = PBXResourcesBuildPhase;
			buildActionMask = 2147483647;
			files = (
			);
			runOnlyForDeploymentPostprocessing = 0;
		};
		7DCD9CB7256070AE003CC59C /* Resources */ = {
			isa = PBXResourcesBuildPhase;
			buildActionMask = 2147483647;
			files = (
			);
			runOnlyForDeploymentPostprocessing = 0;
		};
/* End PBXResourcesBuildPhase section */

/* Begin PBXSourcesBuildPhase section */
		7DCD9C94256070AA003CC59C /* Sources */ = {
			isa = PBXSourcesBuildPhase;
			buildActionMask = 2147483647;
			files = (
				7DCD9CA0256070AA003CC59C /* ViewController.swift in Sources */,
				7DCD9C9C256070AA003CC59C /* AppDelegate.swift in Sources */,
				7DCD9C9E256070AA003CC59C /* SceneDelegate.swift in Sources */,
			);
			runOnlyForDeploymentPostprocessing = 0;
		};
		7DCD9CAA256070AE003CC59C /* Sources */ = {
			isa = PBXSourcesBuildPhase;
			buildActionMask = 2147483647;
			files = (
				7DCD9CB3256070AE003CC59C /* gitTestTests.swift in Sources */,
			);
			runOnlyForDeploymentPostprocessing = 0;
		};
		7DCD9CB5256070AE003CC59C /* Sources */ = {
			isa = PBXSourcesBuildPhase;
			buildActionMask = 2147483647;
			files = (
				7DCD9CBE256070AE003CC59C /* gitTestUITests.swift in Sources */,
			);
			runOnlyForDeploymentPostprocessing = 0;
		};
/* End PBXSourcesBuildPhase section */

/* Begin PBXTargetDependency section */
		7DCD9CB0256070AE003CC59C /* PBXTargetDependency */ = {
			isa = PBXTargetDependency;
			target = 7DCD9C97256070AA003CC59C /* gitTest */;
			targetProxy = 7DCD9CAF256070AE003CC59C /* PBXContainerItemProxy */;
		};
		7DCD9CBB256070AE003CC59C /* PBXTargetDependency */ = {
			isa = PBXTargetDependency;
			target = 7DCD9C97256070AA003CC59C /* gitTest */;
			targetProxy = 7DCD9CBA256070AE003CC59C /* PBXContainerItemProxy */;
		};
/* End PBXTargetDependency section */

/* Begin PBXVariantGroup section */
		7DCD9CA1256070AA003CC59C /* Main.storyboard */ = {
			isa = PBXVariantGroup;
			children = (
				7DCD9CA2256070AA003CC59C /* Base */,
			);
			name = Main.storyboard;
			sourceTree = "<group>";
		};
		7DCD9CA6256070AD003CC59C /* LaunchScreen.storyboard */ = {
			isa = PBXVariantGroup;
			children = (
				7DCD9CA7256070AD003CC59C /* Base */,
			);
			name = LaunchScreen.storyboard;
			sourceTree = "<group>";
		};
/* End PBXVariantGroup section */

/* Begin XCBuildConfiguration section */
		7DCD9CC0256070AE003CC59C /* Debug */ = {
			isa = XCBuildConfiguration;
			buildSettings = {
				ALWAYS_SEARCH_USER_PATHS = NO;
				CLANG_ANALYZER_NONNULL = YES;
				CLANG_ANALYZER_NUMBER_OBJECT_CONVERSION = YES_AGGRESSIVE;
				CLANG_CXX_LANGUAGE_STANDARD = "gnu++14";
				CLANG_CXX_LIBRARY = "libc++";
				CLANG_ENABLE_MODULES = YES;
				CLANG_ENABLE_OBJC_ARC = YES;
				CLANG_ENABLE_OBJC_WEAK = YES;
				CLANG_WARN_BLOCK_CAPTURE_AUTORELEASING = YES;
				CLANG_WARN_BOOL_CONVERSION = YES;
				CLANG_WARN_COMMA = YES;
				CLANG_WARN_CONSTANT_CONVERSION = YES;
				CLANG_WARN_DEPRECATED_OBJC_IMPLEMENTATIONS = YES;
				CLANG_WARN_DIRECT_OBJC_ISA_USAGE = YES_ERROR;
				CLANG_WARN_DOCUMENTATION_COMMENTS = YES;
				CLANG_WARN_EMPTY_BODY = YES;
				CLANG_WARN_ENUM_CONVERSION = YES;
				CLANG_WARN_INFINITE_RECURSION = YES;
				CLANG_WARN_INT_CONVERSION = YES;
				CLANG_WARN_NON_LITERAL_NULL_CONVERSION = YES;
				CLANG_WARN_OBJC_IMPLICIT_RETAIN_SELF = YES;
				CLANG_WARN_OBJC_LITERAL_CONVERSION = YES;
				CLANG_WARN_OBJC_ROOT_CLASS = YES_ERROR;
				CLANG_WARN_QUOTED_INCLUDE_IN_FRAMEWORK_HEADER = YES;
				CLANG_WARN_RANGE_LOOP_ANALYSIS = YES;
				CLANG_WARN_STRICT_PROTOTYPES = YES;
				CLANG_WARN_SUSPICIOUS_MOVE = YES;
				CLANG_WARN_UNGUARDED_AVAILABILITY = YES_AGGRESSIVE;
				CLANG_WARN_UNREACHABLE_CODE = YES;
				CLANG_WARN__DUPLICATE_METHOD_MATCH = YES;
				COPY_PHASE_STRIP = NO;
				DEBUG_INFORMATION_FORMAT = dwarf;
				ENABLE_STRICT_OBJC_MSGSEND = YES;
				ENABLE_TESTABILITY = YES;
				GCC_C_LANGUAGE_STANDARD = gnu11;
				GCC_DYNAMIC_NO_PIC = NO;
				GCC_NO_COMMON_BLOCKS = YES;
				GCC_OPTIMIZATION_LEVEL = 0;
				GCC_PREPROCESSOR_DEFINITIONS = (
					"DEBUG=1",
					"$(inherited)",
				);
				GCC_WARN_64_TO_32_BIT_CONVERSION = YES;
				GCC_WARN_ABOUT_RETURN_TYPE = YES_ERROR;
				GCC_WARN_UNDECLARED_SELECTOR = YES;
				GCC_WARN_UNINITIALIZED_AUTOS = YES_AGGRESSIVE;
				GCC_WARN_UNUSED_FUNCTION = YES;
				GCC_WARN_UNUSED_VARIABLE = YES;
				IPHONEOS_DEPLOYMENT_TARGET = 14.1;
				MTL_ENABLE_DEBUG_INFO = INCLUDE_SOURCE;
				MTL_FAST_MATH = YES;
				ONLY_ACTIVE_ARCH = YES;
				SDKROOT = iphoneos;
				SWIFT_ACTIVE_COMPILATION_CONDITIONS = DEBUG;
				SWIFT_OPTIMIZATION_LEVEL = "-Onone";
			};
			name = Debug;
		};
		7DCD9CC1256070AE003CC59C /* Release */ = {
			isa = XCBuildConfiguration;
			buildSettings = {
				ALWAYS_SEARCH_USER_PATHS = NO;
				CLANG_ANALYZER_NONNULL = YES;
				CLANG_ANALYZER_NUMBER_OBJECT_CONVERSION = YES_AGGRESSIVE;
				CLANG_CXX_LANGUAGE_STANDARD = "gnu++14";
				CLANG_CXX_LIBRARY = "libc++";
				CLANG_ENABLE_MODULES = YES;
				CLANG_ENABLE_OBJC_ARC = YES;
				CLANG_ENABLE_OBJC_WEAK = YES;
				CLANG_WARN_BLOCK_CAPTURE_AUTORELEASING = YES;
				CLANG_WARN_BOOL_CONVERSION = YES;
				CLANG_WARN_COMMA = YES;
				CLANG_WARN_CONSTANT_CONVERSION = YES;
				CLANG_WARN_DEPRECATED_OBJC_IMPLEMENTATIONS = YES;
				CLANG_WARN_DIRECT_OBJC_ISA_USAGE = YES_ERROR;
				CLANG_WARN_DOCUMENTATION_COMMENTS = YES;
				CLANG_WARN_EMPTY_BODY = YES;
				CLANG_WARN_ENUM_CONVERSION = YES;
				CLANG_WARN_INFINITE_RECURSION = YES;
				CLANG_WARN_INT_CONVERSION = YES;
				CLANG_WARN_NON_LITERAL_NULL_CONVERSION = YES;
				CLANG_WARN_OBJC_IMPLICIT_RETAIN_SELF = YES;
				CLANG_WARN_OBJC_LITERAL_CONVERSION = YES;
				CLANG_WARN_OBJC_ROOT_CLASS = YES_ERROR;
				CLANG_WARN_QUOTED_INCLUDE_IN_FRAMEWORK_HEADER = YES;
				CLANG_WARN_RANGE_LOOP_ANALYSIS = YES;
				CLANG_WARN_STRICT_PROTOTYPES = YES;
				CLANG_WARN_SUSPICIOUS_MOVE = YES;
				CLANG_WARN_UNGUARDED_AVAILABILITY = YES_AGGRESSIVE;
				CLANG_WARN_UNREACHABLE_CODE = YES;
				CLANG_WARN__DUPLICATE_METHOD_MATCH = YES;
				COPY_PHASE_STRIP = NO;
				DEBUG_INFORMATION_FORMAT = "dwarf-with-dsym";
				ENABLE_NS_ASSERTIONS = NO;
				ENABLE_STRICT_OBJC_MSGSEND = YES;
				GCC_C_LANGUAGE_STANDARD = gnu11;
				GCC_NO_COMMON_BLOCKS = YES;
				GCC_WARN_64_TO_32_BIT_CONVERSION = YES;
				GCC_WARN_ABOUT_RETURN_TYPE = YES_ERROR;
				GCC_WARN_UNDECLARED_SELECTOR = YES;
				GCC_WARN_UNINITIALIZED_AUTOS = YES_AGGRESSIVE;
				GCC_WARN_UNUSED_FUNCTION = YES;
				GCC_WARN_UNUSED_VARIABLE = YES;
				IPHONEOS_DEPLOYMENT_TARGET = 14.1;
				MTL_ENABLE_DEBUG_INFO = NO;
				MTL_FAST_MATH = YES;
				SDKROOT = iphoneos;
				SWIFT_COMPILATION_MODE = wholemodule;
				SWIFT_OPTIMIZATION_LEVEL = "-O";
				VALIDATE_PRODUCT = YES;
			};
			name = Release;
		};
		7DCD9CC3256070AE003CC59C /* Debug */ = {
			isa = XCBuildConfiguration;
			buildSettings = {
				ASSETCATALOG_COMPILER_APPICON_NAME = AppIcon;
				ASSETCATALOG_COMPILER_GLOBAL_ACCENT_COLOR_NAME = AccentColor;
				CODE_SIGN_STYLE = Automatic;
				DEVELOPMENT_TEAM = 7YF7TS46W4;
				INFOPLIST_FILE = gitTest/Info.plist;
				LD_RUNPATH_SEARCH_PATHS = (
					"$(inherited)",
					"@executable_path/Frameworks",
				);
				PRODUCT_BUNDLE_IDENTIFIER = app.haruka.ito1012.gitTest;
				PRODUCT_NAME = "$(TARGET_NAME)";
				SWIFT_VERSION = 5.0;
				TARGETED_DEVICE_FAMILY = "1,2";
			};
			name = Debug;
		};
		7DCD9CC4256070AE003CC59C /* Release */ = {
			isa = XCBuildConfiguration;
			buildSettings = {
				ASSETCATALOG_COMPILER_APPICON_NAME = AppIcon;
				ASSETCATALOG_COMPILER_GLOBAL_ACCENT_COLOR_NAME = AccentColor;
				CODE_SIGN_STYLE = Automatic;
				DEVELOPMENT_TEAM = 7YF7TS46W4;
				INFOPLIST_FILE = gitTest/Info.plist;
				LD_RUNPATH_SEARCH_PATHS = (
					"$(inherited)",
					"@executable_path/Frameworks",
				);
				PRODUCT_BUNDLE_IDENTIFIER = app.haruka.ito1012.gitTest;
				PRODUCT_NAME = "$(TARGET_NAME)";
				SWIFT_VERSION = 5.0;
				TARGETED_DEVICE_FAMILY = "1,2";
			};
			name = Release;
		};
		7DCD9CC6256070AE003CC59C /* Debug */ = {
			isa = XCBuildConfiguration;
			buildSettings = {
				ALWAYS_EMBED_SWIFT_STANDARD_LIBRARIES = YES;
				BUNDLE_LOADER = "$(TEST_HOST)";
				CODE_SIGN_STYLE = Automatic;
				DEVELOPMENT_TEAM = 7YF7TS46W4;
				INFOPLIST_FILE = gitTestTests/Info.plist;
				IPHONEOS_DEPLOYMENT_TARGET = 14.1;
				LD_RUNPATH_SEARCH_PATHS = (
					"$(inherited)",
					"@executable_path/Frameworks",
					"@loader_path/Frameworks",
				);
				PRODUCT_BUNDLE_IDENTIFIER = app.haruka.ito1012.gitTestTests;
				PRODUCT_NAME = "$(TARGET_NAME)";
				SWIFT_VERSION = 5.0;
				TARGETED_DEVICE_FAMILY = "1,2";
				TEST_HOST = "$(BUILT_PRODUCTS_DIR)/gitTest.app/gitTest";
			};
			name = Debug;
		};
		7DCD9CC7256070AE003CC59C /* Release */ = {
			isa = XCBuildConfiguration;
			buildSettings = {
				ALWAYS_EMBED_SWIFT_STANDARD_LIBRARIES = YES;
				BUNDLE_LOADER = "$(TEST_HOST)";
				CODE_SIGN_STYLE = Automatic;
				DEVELOPMENT_TEAM = 7YF7TS46W4;
				INFOPLIST_FILE = gitTestTests/Info.plist;
				IPHONEOS_DEPLOYMENT_TARGET = 14.1;
				LD_RUNPATH_SEARCH_PATHS = (
					"$(inherited)",
					"@executable_path/Frameworks",
					"@loader_path/Frameworks",
				);
				PRODUCT_BUNDLE_IDENTIFIER = app.haruka.ito1012.gitTestTests;
				PRODUCT_NAME = "$(TARGET_NAME)";
				SWIFT_VERSION = 5.0;
				TARGETED_DEVICE_FAMILY = "1,2";
				TEST_HOST = "$(BUILT_PRODUCTS_DIR)/gitTest.app/gitTest";
			};
			name = Release;
		};
		7DCD9CC9256070AE003CC59C /* Debug */ = {
			isa = XCBuildConfiguration;
			buildSettings = {
				ALWAYS_EMBED_SWIFT_STANDARD_LIBRARIES = YES;
				CODE_SIGN_STYLE = Automatic;
				DEVELOPMENT_TEAM = 7YF7TS46W4;
				INFOPLIST_FILE = gitTestUITests/Info.plist;
				LD_RUNPATH_SEARCH_PATHS = (
					"$(inherited)",
					"@executable_path/Frameworks",
					"@loader_path/Frameworks",
				);
				PRODUCT_BUNDLE_IDENTIFIER = app.haruka.ito1012.gitTestUITests;
				PRODUCT_NAME = "$(TARGET_NAME)";
				SWIFT_VERSION = 5.0;
				TARGETED_DEVICE_FAMILY = "1,2";
				TEST_TARGET_NAME = gitTest;
			};
			name = Debug;
		};
		7DCD9CCA256070AE003CC59C /* Release */ = {
			isa = XCBuildConfiguration;
			buildSettings = {
				ALWAYS_EMBED_SWIFT_STANDARD_LIBRARIES = YES;
				CODE_SIGN_STYLE = Automatic;
				DEVELOPMENT_TEAM = 7YF7TS46W4;
				INFOPLIST_FILE = gitTestUITests/Info.plist;
				LD_RUNPATH_SEARCH_PATHS = (
					"$(inherited)",
					"@executable_path/Frameworks",
					"@loader_path/Frameworks",
				);
				PRODUCT_BUNDLE_IDENTIFIER = app.haruka.ito1012.gitTestUITests;
				PRODUCT_NAME = "$(TARGET_NAME)";
				SWIFT_VERSION = 5.0;
				TARGETED_DEVICE_FAMILY = "1,2";
				TEST_TARGET_NAME = gitTest;
			};
			name = Release;
		};
/* End XCBuildConfiguration section */

/* Begin XCConfigurationList section */
		7DCD9C93256070A9003CC59C /* Build configuration list for PBXProject "gitTest" */ = {
			isa = XCConfigurationList;
			buildConfigurations = (
				7DCD9CC0256070AE003CC59C /* Debug */,
				7DCD9CC1256070AE003CC59C /* Release */,
			);
			defaultConfigurationIsVisible = 0;
			defaultConfigurationName = Release;
		};
		7DCD9CC2256070AE003CC59C /* Build configuration list for PBXNativeTarget "gitTest" */ = {
			isa = XCConfigurationList;
			buildConfigurations = (
				7DCD9CC3256070AE003CC59C /* Debug */,
				7DCD9CC4256070AE003CC59C /* Release */,
			);
			defaultConfigurationIsVisible = 0;
			defaultConfigurationName = Release;
		};
		7DCD9CC5256070AE003CC59C /* Build configuration list for PBXNativeTarget "gitTestTests" */ = {
			isa = XCConfigurationList;
			buildConfigurations = (
				7DCD9CC6256070AE003CC59C /* Debug */,
				7DCD9CC7256070AE003CC59C /* Release */,
			);
			defaultConfigurationIsVisible = 0;
			defaultConfigurationName = Release;
		};
		7DCD9CC8256070AE003CC59C /* Build configuration list for PBXNativeTarget "gitTestUITests" */ = {
			isa = XCConfigurationList;
			buildConfigurations = (
				7DCD9CC9256070AE003CC59C /* Debug */,
				7DCD9CCA256070AE003CC59C /* Release */,
			);
			defaultConfigurationIsVisible = 0;
			defaultConfigurationName = Release;
		};
/* End XCConfigurationList section */
	};
	rootObject = 7DCD9C90256070A9003CC59C /* Project object */;
}
